
Microsoft Visual Studio Solution File, Format Version 12.00
# Visual Studio Version 17
VisualStudioVersion = 17.13.35818.85 d17.13
MinimumVisualStudioVersion = 10.0.40219.1
Project("{FAE04EC0-301F-11D3-BF4B-00C04F79EFBC}") = "DosyaYonetim.API", "DosyaYonetim.API\DosyaYonetim.API.csproj", "{C14CCEEF-4646-4E4F-93CA-68946A9B7024}"
EndProject
Global
	GlobalSection(SolutionConfigurationPlatforms) = preSolution
		Debug|Any CPU = Debug|Any CPU
		Release|Any CPU = Release|Any CPU
	EndGlobalSection
	GlobalSection(ProjectConfigurationPlatforms) = postSolution
		{C14CCEEF-4646-4E4F-93CA-68946A9B7024}.Debug|Any CPU.ActiveCfg = Debug|Any CPU
		{C14CCEEF-4646-4E4F-93CA-68946A9B7024}.Debug|Any CPU.Build.0 = Debug|Any CPU
		{C14CCEEF-4646-4E4F-93CA-68946A9B7024}.Release|Any CPU.ActiveCfg = Release|Any CPU
		{C14CCEEF-4646-4E4F-93CA-68946A9B7024}.Release|Any CPU.Build.0 = Release|Any CPU
	EndGlobalSection
	GlobalSection(SolutionProperties) = preSolution
		HideSolutionNode = FALSE
	EndGlobalSection
	GlobalSection(ExtensibilityGlobals) = postSolution
		SolutionGuid = {CD44A76B-F684-4778-A0CD-09372635D0BE}
	EndGlobalSection
EndGlobal
